// !$*UTF8*$!
{
	archiveVersion = 1;
	classes = {
	};
	objectVersion = 56;
	objects = {

/* Begin PBXBuildFile section */
		74347AE52C37142300BDBE03 /* MARROW_AssignmentApp.swift in Sources */ = {isa = PBXBuildFile; fileRef = 74347AE42C37142300BDBE03 /* MARROW_AssignmentApp.swift */; };
		74347AE72C37142300BDBE03 /* LandingScreen.swift in Sources */ = {isa = PBXBuildFile; fileRef = 74347AE62C37142300BDBE03 /* LandingScreen.swift */; };
		74347AE92C37142700BDBE03 /* Assets.xcassets in Resources */ = {isa = PBXBuildFile; fileRef = 74347AE82C37142700BDBE03 /* Assets.xcassets */; };
		74347AEC2C37142700BDBE03 /* Preview Assets.xcassets in Resources */ = {isa = PBXBuildFile; fileRef = 74347AEB2C37142700BDBE03 /* Preview Assets.xcassets */; };
		74347AF42C37160800BDBE03 /* SignupScreen.swift in Sources */ = {isa = PBXBuildFile; fileRef = 74347AF32C37160800BDBE03 /* SignupScreen.swift */; };
		74347AF62C37200B00BDBE03 /* LoginScreen.swift in Sources */ = {isa = PBXBuildFile; fileRef = 74347AF52C37200B00BDBE03 /* LoginScreen.swift */; };
		74347AF82C3722C900BDBE03 /* HomeScreen.swift in Sources */ = {isa = PBXBuildFile; fileRef = 74347AF72C3722C900BDBE03 /* HomeScreen.swift */; };
		74347AFB2C38646400BDBE03 /* CountryApiModel.swift in Sources */ = {isa = PBXBuildFile; fileRef = 74347AFA2C38646400BDBE03 /* CountryApiModel.swift */; };
		74347AFE2C3876ED00BDBE03 /* ValidationViewModel.swift in Sources */ = {isa = PBXBuildFile; fileRef = 74347AFD2C3876ED00BDBE03 /* ValidationViewModel.swift */; };
		74347B002C393CD800BDBE03 /* BooksResponseModel.swift in Sources */ = {isa = PBXBuildFile; fileRef = 74347AFF2C393CD800BDBE03 /* BooksResponseModel.swift */; };
		74347B022C393E7700BDBE03 /* APIViewModel.swift in Sources */ = {isa = PBXBuildFile; fileRef = 74347B012C393E7700BDBE03 /* APIViewModel.swift */; };
		74347B042C39AA5800BDBE03 /* CountriesViewModel.swift in Sources */ = {isa = PBXBuildFile; fileRef = 74347B032C39AA5800BDBE03 /* CountriesViewModel.swift */; };
		7473128A2C3A6F2A0071AAEB /* KeychainWrapper.swift in Sources */ = {isa = PBXBuildFile; fileRef = 747312892C3A6F2A0071AAEB /* KeychainWrapper.swift */; };
		7473128C2C3AAEBF0071AAEB /* UserDafaults.swift in Sources */ = {isa = PBXBuildFile; fileRef = 7473128B2C3AAEBF0071AAEB /* UserDafaults.swift */; };
/* End PBXBuildFile section */

/* Begin PBXFileReference section */
		74347AE12C37142300BDBE03 /* MARROW_Assignment.app */ = {isa = PBXFileReference; explicitFileType = wrapper.application; includeInIndex = 0; path = MARROW_Assignment.app; sourceTree = BUILT_PRODUCTS_DIR; };
		74347AE42C37142300BDBE03 /* MARROW_AssignmentApp.swift */ = {isa = PBXFileReference; lastKnownFileType = sourcecode.swift; path = MARROW_AssignmentApp.swift; sourceTree = "<group>"; };
		74347AE62C37142300BDBE03 /* LandingScreen.swift */ = {isa = PBXFileReference; lastKnownFileType = sourcecode.swift; path = LandingScreen.swift; sourceTree = "<group>"; };
		74347AE82C37142700BDBE03 /* Assets.xcassets */ = {isa = PBXFileReference; lastKnownFileType = folder.assetcatalog; path = Assets.xcassets; sourceTree = "<group>"; };
		74347AEB2C37142700BDBE03 /* Preview Assets.xcassets */ = {isa = PBXFileReference; lastKnownFileType = folder.assetcatalog; path = "Preview Assets.xcassets"; sourceTree = "<group>"; };
		74347AF32C37160800BDBE03 /* SignupScreen.swift */ = {isa = PBXFileReference; lastKnownFileType = sourcecode.swift; path = SignupScreen.swift; sourceTree = "<group>"; };
		74347AF52C37200B00BDBE03 /* LoginScreen.swift */ = {isa = PBXFileReference; lastKnownFileType = sourcecode.swift; path = LoginScreen.swift; sourceTree = "<group>"; };
		74347AF72C3722C900BDBE03 /* HomeScreen.swift */ = {isa = PBXFileReference; lastKnownFileType = sourcecode.swift; path = HomeScreen.swift; sourceTree = "<group>"; };
		74347AFA2C38646400BDBE03 /* CountryApiModel.swift */ = {isa = PBXFileReference; lastKnownFileType = sourcecode.swift; path = CountryApiModel.swift; sourceTree = "<group>"; };
		74347AFD2C3876ED00BDBE03 /* ValidationViewModel.swift */ = {isa = PBXFileReference; lastKnownFileType = sourcecode.swift; path = ValidationViewModel.swift; sourceTree = "<group>"; };
		74347AFF2C393CD800BDBE03 /* BooksResponseModel.swift */ = {isa = PBXFileReference; lastKnownFileType = sourcecode.swift; path = BooksResponseModel.swift; sourceTree = "<group>"; };
		74347B012C393E7700BDBE03 /* APIViewModel.swift */ = {isa = PBXFileReference; lastKnownFileType = sourcecode.swift; path = APIViewModel.swift; sourceTree = "<group>"; };
		74347B032C39AA5800BDBE03 /* CountriesViewModel.swift */ = {isa = PBXFileReference; lastKnownFileType = sourcecode.swift; path = CountriesViewModel.swift; sourceTree = "<group>"; };
		747312892C3A6F2A0071AAEB /* KeychainWrapper.swift */ = {isa = PBXFileReference; lastKnownFileType = sourcecode.swift; path = KeychainWrapper.swift; sourceTree = "<group>"; };
		7473128B2C3AAEBF0071AAEB /* UserDafaults.swift */ = {isa = PBXFileReference; lastKnownFileType = sourcecode.swift; path = UserDafaults.swift; sourceTree = "<group>"; };
/* End PBXFileReference section */

/* Begin PBXFrameworksBuildPhase section */
		74347ADE2C37142300BDBE03 /* Frameworks */ = {
			isa = PBXFrameworksBuildPhase;
			buildActionMask = 2147483647;
			files = (
			);
			runOnlyForDeploymentPostprocessing = 0;
		};
/* End PBXFrameworksBuildPhase section */

/* Begin PBXGroup section */
		74347AD82C37142300BDBE03 = {
			isa = PBXGroup;
			children = (
				74347AE32C37142300BDBE03 /* MARROW_Assignment */,
				74347AE22C37142300BDBE03 /* Products */,
			);
			sourceTree = "<group>";
		};
		74347AE22C37142300BDBE03 /* Products */ = {
			isa = PBXGroup;
			children = (
				74347AE12C37142300BDBE03 /* MARROW_Assignment.app */,
			);
			name = Products;
			sourceTree = "<group>";
		};
		74347AE32C37142300BDBE03 /* MARROW_Assignment */ = {
			isa = PBXGroup;
			children = (
				74347AE42C37142300BDBE03 /* MARROW_AssignmentApp.swift */,
				74347AFC2C3876CB00BDBE03 /* ViewModel */,
				74347AF92C38642F00BDBE03 /* Model */,
				74347AF22C3715F100BDBE03 /* View */,
				74347AE82C37142700BDBE03 /* Assets.xcassets */,
				74347AEA2C37142700BDBE03 /* Preview Content */,
			);
			path = MARROW_Assignment;
			sourceTree = "<group>";
		};
		74347AEA2C37142700BDBE03 /* Preview Content */ = {
			isa = PBXGroup;
			children = (
				74347AEB2C37142700BDBE03 /* Preview Assets.xcassets */,
			);
			path = "Preview Content";
			sourceTree = "<group>";
		};
		74347AF22C3715F100BDBE03 /* View */ = {
			isa = PBXGroup;
			children = (
				74347AE62C37142300BDBE03 /* LandingScreen.swift */,
				74347AF32C37160800BDBE03 /* SignupScreen.swift */,
				74347AF52C37200B00BDBE03 /* LoginScreen.swift */,
				74347AF72C3722C900BDBE03 /* HomeScreen.swift */,
			);
			path = View;
			sourceTree = "<group>";
		};
		74347AF92C38642F00BDBE03 /* Model */ = {
			isa = PBXGroup;
			children = (
				74347AFA2C38646400BDBE03 /* CountryApiModel.swift */,
				74347AFF2C393CD800BDBE03 /* BooksResponseModel.swift */,
			);
			path = Model;
			sourceTree = "<group>";
		};
		74347AFC2C3876CB00BDBE03 /* ViewModel */ = {
			isa = PBXGroup;
			children = (
				74347AFD2C3876ED00BDBE03 /* ValidationViewModel.swift */,
				74347B012C393E7700BDBE03 /* APIViewModel.swift */,
				74347B032C39AA5800BDBE03 /* CountriesViewModel.swift */,
				747312892C3A6F2A0071AAEB /* KeychainWrapper.swift */,
				7473128B2C3AAEBF0071AAEB /* UserDafaults.swift */,
			);
			path = ViewModel;
			sourceTree = "<group>";
		};
/* End PBXGroup section */

/* Begin PBXNativeTarget section */
		74347AE02C37142300BDBE03 /* MARROW_Assignment */ = {
			isa = PBXNativeTarget;
			buildConfigurationList = 74347AEF2C37142700BDBE03 /* Build configuration list for PBXNativeTarget "MARROW_Assignment" */;
			buildPhases = (
				74347ADD2C37142300BDBE03 /* Sources */,
				74347ADE2C37142300BDBE03 /* Frameworks */,
				74347ADF2C37142300BDBE03 /* Resources */,
			);
			buildRules = (
			);
			dependencies = (
			);
			name = MARROW_Assignment;
			productName = MARROW_Assignment;
			productReference = 74347AE12C37142300BDBE03 /* MARROW_Assignment.app */;
			productType = "com.apple.product-type.application";
		};
/* End PBXNativeTarget section */

/* Begin PBXProject section */
		74347AD92C37142300BDBE03 /* Project object */ = {
			isa = PBXProject;
			attributes = {
				BuildIndependentTargetsInParallel = 1;
				LastSwiftUpdateCheck = 1520;
				LastUpgradeCheck = 1520;
				TargetAttributes = {
					74347AE02C37142300BDBE03 = {
						CreatedOnToolsVersion = 15.2;
					};
				};
			};
			buildConfigurationList = 74347ADC2C37142300BDBE03 /* Build configuration list for PBXProject "MARROW_Assignment" */;
			compatibilityVersion = "Xcode 14.0";
			developmentRegion = en;
			hasScannedForEncodings = 0;
			knownRegions = (
				en,
				Base,
			);
			mainGroup = 74347AD82C37142300BDBE03;
			productRefGroup = 74347AE22C37142300BDBE03 /* Products */;
			projectDirPath = "";
			projectRoot = "";
			targets = (
				74347AE02C37142300BDBE03 /* MARROW_Assignment */,
			);
		};
/* End PBXProject section */

/* Begin PBXResourcesBuildPhase section */
		74347ADF2C37142300BDBE03 /* Resources */ = {
			isa = PBXResourcesBuildPhase;
			buildActionMask = 2147483647;
			files = (
				74347AEC2C37142700BDBE03 /* Preview Assets.xcassets in Resources */,
				74347AE92C37142700BDBE03 /* Assets.xcassets in Resources */,
			);
			runOnlyForDeploymentPostprocessing = 0;
		};
/* End PBXResourcesBuildPhase section */

/* Begin PBXSourcesBuildPhase section */
		74347ADD2C37142300BDBE03 /* Sources */ = {
			isa = PBXSourcesBuildPhase;
			buildActionMask = 2147483647;
			files = (
				74347AE72C37142300BDBE03 /* LandingScreen.swift in Sources */,
				74347B002C393CD800BDBE03 /* BooksResponseModel.swift in Sources */,
				74347AFE2C3876ED00BDBE03 /* ValidationViewModel.swift in Sources */,
				74347B042C39AA5800BDBE03 /* CountriesViewModel.swift in Sources */,
				7473128C2C3AAEBF0071AAEB /* UserDafaults.swift in Sources */,
				74347AF82C3722C900BDBE03 /* HomeScreen.swift in Sources */,
				74347AF62C37200B00BDBE03 /* LoginScreen.swift in Sources */,
				74347AFB2C38646400BDBE03 /* CountryApiModel.swift in Sources */,
				74347B022C393E7700BDBE03 /* APIViewModel.swift in Sources */,
				7473128A2C3A6F2A0071AAEB /* KeychainWrapper.swift in Sources */,
				74347AF42C37160800BDBE03 /* SignupScreen.swift in Sources */,
				74347AE52C37142300BDBE03 /* MARROW_AssignmentApp.swift in Sources */,
			);
			runOnlyForDeploymentPostprocessing = 0;
		};
/* End PBXSourcesBuildPhase section */

/* Begin XCBuildConfiguration section */
		74347AED2C37142700BDBE03 /* Debug */ = {
			isa = XCBuildConfiguration;
			buildSettings = {
				ALWAYS_SEARCH_USER_PATHS = NO;
				ASSETCATALOG_COMPILER_GENERATE_SWIFT_ASSET_SYMBOL_EXTENSIONS = YES;
				CLANG_ANALYZER_NONNULL = YES;
				CLANG_ANALYZER_NUMBER_OBJECT_CONVERSION = YES_AGGRESSIVE;
				CLANG_CXX_LANGUAGE_STANDARD = "gnu++20";
				CLANG_ENABLE_MODULES = YES;
				CLANG_ENABLE_OBJC_ARC = YES;
				CLANG_ENABLE_OBJC_WEAK = YES;
				CLANG_WARN_BLOCK_CAPTURE_AUTORELEASING = YES;
				CLANG_WARN_BOOL_CONVERSION = YES;
				CLANG_WARN_COMMA = YES;
				CLANG_WARN_CONSTANT_CONVERSION = YES;
				CLANG_WARN_DEPRECATED_OBJC_IMPLEMENTATIONS = YES;
				CLANG_WARN_DIRECT_OBJC_ISA_USAGE = YES_ERROR;
				CLANG_WARN_DOCUMENTATION_COMMENTS = YES;
				CLANG_WARN_EMPTY_BODY = YES;
				CLANG_WARN_ENUM_CONVERSION = YES;
				CLANG_WARN_INFINITE_RECURSION = YES;
				CLANG_WARN_INT_CONVERSION = YES;
				CLANG_WARN_NON_LITERAL_NULL_CONVERSION = YES;
				CLANG_WARN_OBJC_IMPLICIT_RETAIN_SELF = YES;
				CLANG_WARN_OBJC_LITERAL_CONVERSION = YES;
				CLANG_WARN_OBJC_ROOT_CLASS = YES_ERROR;
				CLANG_WARN_QUOTED_INCLUDE_IN_FRAMEWORK_HEADER = YES;
				CLANG_WARN_RANGE_LOOP_ANALYSIS = YES;
				CLANG_WARN_STRICT_PROTOTYPES = YES;
				CLANG_WARN_SUSPICIOUS_MOVE = YES;
				CLANG_WARN_UNGUARDED_AVAILABILITY = YES_AGGRESSIVE;
				CLANG_WARN_UNREACHABLE_CODE = YES;
				CLANG_WARN__DUPLICATE_METHOD_MATCH = YES;
				COPY_PHASE_STRIP = NO;
				DEBUG_INFORMATION_FORMAT = dwarf;
				ENABLE_STRICT_OBJC_MSGSEND = YES;
				ENABLE_TESTABILITY = YES;
				ENABLE_USER_SCRIPT_SANDBOXING = YES;
				GCC_C_LANGUAGE_STANDARD = gnu17;
				GCC_DYNAMIC_NO_PIC = NO;
				GCC_NO_COMMON_BLOCKS = YES;
				GCC_OPTIMIZATION_LEVEL = 0;
				GCC_PREPROCESSOR_DEFINITIONS = (
					"DEBUG=1",
					"$(inherited)",
				);
				GCC_WARN_64_TO_32_BIT_CONVERSION = YES;
				GCC_WARN_ABOUT_RETURN_TYPE = YES_ERROR;
				GCC_WARN_UNDECLARED_SELECTOR = YES;
				GCC_WARN_UNINITIALIZED_AUTOS = YES_AGGRESSIVE;
				GCC_WARN_UNUSED_FUNCTION = YES;
				GCC_WARN_UNUSED_VARIABLE = YES;
				IPHONEOS_DEPLOYMENT_TARGET = 17.2;
				LOCALIZATION_PREFERS_STRING_CATALOGS = YES;
				MTL_ENABLE_DEBUG_INFO = INCLUDE_SOURCE;
				MTL_FAST_MATH = YES;
				ONLY_ACTIVE_ARCH = YES;
				SDKROOT = iphoneos;
				SWIFT_ACTIVE_COMPILATION_CONDITIONS = "DEBUG $(inherited)";
				SWIFT_OPTIMIZATION_LEVEL = "-Onone";
			};
			name = Debug;
		};
		74347AEE2C37142700BDBE03 /* Release */ = {
			isa = XCBuildConfiguration;
			buildSettings = {
				ALWAYS_SEARCH_USER_PATHS = NO;
				ASSETCATALOG_COMPILER_GENERATE_SWIFT_ASSET_SYMBOL_EXTENSIONS = YES;
				CLANG_ANALYZER_NONNULL = YES;
				CLANG_ANALYZER_NUMBER_OBJECT_CONVERSION = YES_AGGRESSIVE;
				CLANG_CXX_LANGUAGE_STANDARD = "gnu++20";
				CLANG_ENABLE_MODULES = YES;
				CLANG_ENABLE_OBJC_ARC = YES;
				CLANG_ENABLE_OBJC_WEAK = YES;
				CLANG_WARN_BLOCK_CAPTURE_AUTORELEASING = YES;
				CLANG_WARN_BOOL_CONVERSION = YES;
				CLANG_WARN_COMMA = YES;
				CLANG_WARN_CONSTANT_CONVERSION = YES;
				CLANG_WARN_DEPRECATED_OBJC_IMPLEMENTATIONS = YES;
				CLANG_WARN_DIRECT_OBJC_ISA_USAGE = YES_ERROR;
				CLANG_WARN_DOCUMENTATION_COMMENTS = YES;
				CLANG_WARN_EMPTY_BODY = YES;
				CLANG_WARN_ENUM_CONVERSION = YES;
				CLANG_WARN_INFINITE_RECURSION = YES;
				CLANG_WARN_INT_CONVERSION = YES;
				CLANG_WARN_NON_LITERAL_NULL_CONVERSION = YES;
				CLANG_WARN_OBJC_IMPLICIT_RETAIN_SELF = YES;
				CLANG_WARN_OBJC_LITERAL_CONVERSION = YES;
				CLANG_WARN_OBJC_ROOT_CLASS = YES_ERROR;
				CLANG_WARN_QUOTED_INCLUDE_IN_FRAMEWORK_HEADER = YES;
				CLANG_WARN_RANGE_LOOP_ANALYSIS = YES;
				CLANG_WARN_STRICT_PROTOTYPES = YES;
				CLANG_WARN_SUSPICIOUS_MOVE = YES;
				CLANG_WARN_UNGUARDED_AVAILABILITY = YES_AGGRESSIVE;
				CLANG_WARN_UNREACHABLE_CODE = YES;
				CLANG_WARN__DUPLICATE_METHOD_MATCH = YES;
				COPY_PHASE_STRIP = NO;
				DEBUG_INFORMATION_FORMAT = "dwarf-with-dsym";
				ENABLE_NS_ASSERTIONS = NO;
				ENABLE_STRICT_OBJC_MSGSEND = YES;
				ENABLE_USER_SCRIPT_SANDBOXING = YES;
				GCC_C_LANGUAGE_STANDARD = gnu17;
				GCC_NO_COMMON_BLOCKS = YES;
				GCC_WARN_64_TO_32_BIT_CONVERSION = YES;
				GCC_WARN_ABOUT_RETURN_TYPE = YES_ERROR;
				GCC_WARN_UNDECLARED_SELECTOR = YES;
				GCC_WARN_UNINITIALIZED_AUTOS = YES_AGGRESSIVE;
				GCC_WARN_UNUSED_FUNCTION = YES;
				GCC_WARN_UNUSED_VARIABLE = YES;
				IPHONEOS_DEPLOYMENT_TARGET = 17.2;
				LOCALIZATION_PREFERS_STRING_CATALOGS = YES;
				MTL_ENABLE_DEBUG_INFO = NO;
				MTL_FAST_MATH = YES;
				SDKROOT = iphoneos;
				SWIFT_COMPILATION_MODE = wholemodule;
				VALIDATE_PRODUCT = YES;
			};
			name = Release;
		};
		74347AF02C37142700BDBE03 /* Debug */ = {
			isa = XCBuildConfiguration;
			buildSettings = {
				ASSETCATALOG_COMPILER_APPICON_NAME = AppIcon;
				ASSETCATALOG_COMPILER_GLOBAL_ACCENT_COLOR_NAME = AccentColor;
				CODE_SIGN_STYLE = Automatic;
				CURRENT_PROJECT_VERSION = 1;
				DEVELOPMENT_ASSET_PATHS = "\"MARROW_Assignment/Preview Content\"";
				ENABLE_PREVIEWS = YES;
				GENERATE_INFOPLIST_FILE = YES;
				INFOPLIST_KEY_UIApplicationSceneManifest_Generation = YES;
				INFOPLIST_KEY_UIApplicationSupportsIndirectInputEvents = YES;
				INFOPLIST_KEY_UILaunchScreen_Generation = YES;
				INFOPLIST_KEY_UISupportedInterfaceOrientations_iPad = "UIInterfaceOrientationPortrait UIInterfaceOrientationPortraitUpsideDown UIInterfaceOrientationLandscapeLeft UIInterfaceOrientationLandscapeRight";
				INFOPLIST_KEY_UISupportedInterfaceOrientations_iPhone = "UIInterfaceOrientationPortrait UIInterfaceOrientationLandscapeLeft UIInterfaceOrientationLandscapeRight";
				LD_RUNPATH_SEARCH_PATHS = (
					"$(inherited)",
					"@executable_path/Frameworks",
				);
				MARKETING_VERSION = 1.0;
				PRODUCT_BUNDLE_IDENTIFIER = "gl.MARROW-Assignment";
				PRODUCT_NAME = "$(TARGET_NAME)";
				SWIFT_EMIT_LOC_STRINGS = YES;
				SWIFT_VERSION = 5.0;
				TARGETED_DEVICE_FAMILY = "1,2";
			};
			name = Debug;
		};
		74347AF12C37142700BDBE03 /* Release */ = {
			isa = XCBuildConfiguration;
			buildSettings = {
				ASSETCATALOG_COMPILER_APPICON_NAME = AppIcon;
				ASSETCATALOG_COMPILER_GLOBAL_ACCENT_COLOR_NAME = AccentColor;
				CODE_SIGN_STYLE = Automatic;
				CURRENT_PROJECT_VERSION = 1;
				DEVELOPMENT_ASSET_PATHS = "\"MARROW_Assignment/Preview Content\"";
				ENABLE_PREVIEWS = YES;
				GENERATE_INFOPLIST_FILE = YES;
				INFOPLIST_KEY_UIApplicationSceneManifest_Generation = YES;
				INFOPLIST_KEY_UIApplicationSupportsIndirectInputEvents = YES;
				INFOPLIST_KEY_UILaunchScreen_Generation = YES;
				INFOPLIST_KEY_UISupportedInterfaceOrientations_iPad = "UIInterfaceOrientationPortrait UIInterfaceOrientationPortraitUpsideDown UIInterfaceOrientationLandscapeLeft UIInterfaceOrientationLandscapeRight";
				INFOPLIST_KEY_UISupportedInterfaceOrientations_iPhone = "UIInterfaceOrientationPortrait UIInterfaceOrientationLandscapeLeft UIInterfaceOrientationLandscapeRight";
				LD_RUNPATH_SEARCH_PATHS = (
					"$(inherited)",
					"@executable_path/Frameworks",
				);
				MARKETING_VERSION = 1.0;
				PRODUCT_BUNDLE_IDENTIFIER = "gl.MARROW-Assignment";
				PRODUCT_NAME = "$(TARGET_NAME)";
				SWIFT_EMIT_LOC_STRINGS = YES;
				SWIFT_VERSION = 5.0;
				TARGETED_DEVICE_FAMILY = "1,2";
			};
			name = Release;
		};
/* End XCBuildConfiguration section */

/* Begin XCConfigurationList section */
		74347ADC2C37142300BDBE03 /* Build configuration list for PBXProject "MARROW_Assignment" */ = {
			isa = XCConfigurationList;
			buildConfigurations = (
				74347AED2C37142700BDBE03 /* Debug */,
				74347AEE2C37142700BDBE03 /* Release */,
			);
			defaultConfigurationIsVisible = 0;
			defaultConfigurationName = Release;
		};
		74347AEF2C37142700BDBE03 /* Build configuration list for PBXNativeTarget "MARROW_Assignment" */ = {
			isa = XCConfigurationList;
			buildConfigurations = (
				74347AF02C37142700BDBE03 /* Debug */,
				74347AF12C37142700BDBE03 /* Release */,
			);
			defaultConfigurationIsVisible = 0;
			defaultConfigurationName = Release;
		};
/* End XCConfigurationList section */
	};
	rootObject = 74347AD92C37142300BDBE03 /* Project object */;
}
